
Microsoft Visual Studio Solution File, Format Version 12.00
# Visual Studio 14
VisualStudioVersion = 14.0.25420.1
MinimumVisualStudioVersion = 10.0.40219.1
Project("{8BC9CEB8-8B4A-11D0-8D11-00A0C91BC942}") = "opengl_context", "opengl_context.vcxproj", "{38F4196C-0E60-41EF-8F3C-CB4088135C49}"
EndProject
Project("{8BC9CEB8-8B4A-11D0-8D11-00A0C91BC942}") = "virtio-gpu-win-icd", "..\..\virtio-gpu-win-icd\virtio-gpu-win-icd.vcxproj", "{CBCB59EC-DCDF-4D64-8754-8122BCAC3A62}"
EndProject
Global
	GlobalSection(SolutionConfigurationPlatforms) = preSolution
		Debug|ARM = Debug|ARM
		Debug|ARM64 = Debug|ARM64
		Debug|x64 = Debug|x64
		Debug|x86 = Debug|x86
		Release|ARM = Release|ARM
		Release|ARM64 = Release|ARM64
		Release|x64 = Release|x64
		Release|x86 = Release|x86
		ReleaseTest|ARM = ReleaseTest|ARM
		ReleaseTest|ARM64 = ReleaseTest|ARM64
		ReleaseTest|x64 = ReleaseTest|x64
		ReleaseTest|x86 = ReleaseTest|x86
		Test|ARM = Test|ARM
		Test|ARM64 = Test|ARM64
		Test|x64 = Test|x64
		Test|x86 = Test|x86
	EndGlobalSection
	GlobalSection(ProjectConfigurationPlatforms) = postSolution
		{38F4196C-0E60-41EF-8F3C-CB4088135C49}.Debug|ARM.ActiveCfg = Debug|Win32
		{38F4196C-0E60-41EF-8F3C-CB4088135C49}.Debug|ARM64.ActiveCfg = Debug|Win32
		{38F4196C-0E60-41EF-8F3C-CB4088135C49}.Debug|x64.ActiveCfg = Debug|x64
		{38F4196C-0E60-41EF-8F3C-CB4088135C49}.Debug|x64.Build.0 = Debug|x64
		{38F4196C-0E60-41EF-8F3C-CB4088135C49}.Debug|x86.ActiveCfg = Debug|Win32
		{38F4196C-0E60-41EF-8F3C-CB4088135C49}.Debug|x86.Build.0 = Debug|Win32
		{38F4196C-0E60-41EF-8F3C-CB4088135C49}.Release|ARM.ActiveCfg = Release|Win32
		{38F4196C-0E60-41EF-8F3C-CB4088135C49}.Release|ARM64.ActiveCfg = Release|Win32
		{38F4196C-0E60-41EF-8F3C-CB4088135C49}.Release|x64.ActiveCfg = Release|x64
		{38F4196C-0E60-41EF-8F3C-CB4088135C49}.Release|x64.Build.0 = Release|x64
		{38F4196C-0E60-41EF-8F3C-CB4088135C49}.Release|x86.ActiveCfg = Release|Win32
		{38F4196C-0E60-41EF-8F3C-CB4088135C49}.Release|x86.Build.0 = Release|Win32
		{38F4196C-0E60-41EF-8F3C-CB4088135C49}.ReleaseTest|ARM.ActiveCfg = Release|Win32
		{38F4196C-0E60-41EF-8F3C-CB4088135C49}.ReleaseTest|ARM.Build.0 = Release|Win32
		{38F4196C-0E60-41EF-8F3C-CB4088135C49}.ReleaseTest|ARM64.ActiveCfg = Release|Win32
		{38F4196C-0E60-41EF-8F3C-CB4088135C49}.ReleaseTest|ARM64.Build.0 = Release|Win32
		{38F4196C-0E60-41EF-8F3C-CB4088135C49}.ReleaseTest|x64.ActiveCfg = Release|x64
		{38F4196C-0E60-41EF-8F3C-CB4088135C49}.ReleaseTest|x64.Build.0 = Release|x64
		{38F4196C-0E60-41EF-8F3C-CB4088135C49}.ReleaseTest|x86.ActiveCfg = Release|Win32
		{38F4196C-0E60-41EF-8F3C-CB4088135C49}.ReleaseTest|x86.Build.0 = Release|Win32
		{38F4196C-0E60-41EF-8F3C-CB4088135C49}.Test|ARM.ActiveCfg = Release|Win32
		{38F4196C-0E60-41EF-8F3C-CB4088135C49}.Test|ARM.Build.0 = Release|Win32
		{38F4196C-0E60-41EF-8F3C-CB4088135C49}.Test|ARM64.ActiveCfg = Release|Win32
		{38F4196C-0E60-41EF-8F3C-CB4088135C49}.Test|ARM64.Build.0 = Release|Win32
		{38F4196C-0E60-41EF-8F3C-CB4088135C49}.Test|x64.ActiveCfg = Release|x64
		{38F4196C-0E60-41EF-8F3C-CB4088135C49}.Test|x64.Build.0 = Release|x64
		{38F4196C-0E60-41EF-8F3C-CB4088135C49}.Test|x86.ActiveCfg = Release|Win32
		{38F4196C-0E60-41EF-8F3C-CB4088135C49}.Test|x86.Build.0 = Release|Win32
		{CBCB59EC-DCDF-4D64-8754-8122BCAC3A62}.Debug|ARM.ActiveCfg = Debug|ARM
		{CBCB59EC-DCDF-4D64-8754-8122BCAC3A62}.Debug|ARM.Build.0 = Debug|ARM
		{CBCB59EC-DCDF-4D64-8754-8122BCAC3A62}.Debug|ARM64.ActiveCfg = Debug|ARM64
		{CBCB59EC-DCDF-4D64-8754-8122BCAC3A62}.Debug|ARM64.Build.0 = Debug|ARM64
		{CBCB59EC-DCDF-4D64-8754-8122BCAC3A62}.Debug|x64.ActiveCfg = Debug|x64
		{CBCB59EC-DCDF-4D64-8754-8122BCAC3A62}.Debug|x64.Build.0 = Debug|x64
		{CBCB59EC-DCDF-4D64-8754-8122BCAC3A62}.Debug|x86.ActiveCfg = Debug|Win32
		{CBCB59EC-DCDF-4D64-8754-8122BCAC3A62}.Debug|x86.Build.0 = Debug|Win32
		{CBCB59EC-DCDF-4D64-8754-8122BCAC3A62}.Release|ARM.ActiveCfg = Release|ARM
		{CBCB59EC-DCDF-4D64-8754-8122BCAC3A62}.Release|ARM.Build.0 = Release|ARM
		{CBCB59EC-DCDF-4D64-8754-8122BCAC3A62}.Release|ARM64.ActiveCfg = Release|ARM64
		{CBCB59EC-DCDF-4D64-8754-8122BCAC3A62}.Release|ARM64.Build.0 = Release|ARM64
		{CBCB59EC-DCDF-4D64-8754-8122BCAC3A62}.Release|x64.ActiveCfg = Release|x64
		{CBCB59EC-DCDF-4D64-8754-8122BCAC3A62}.Release|x64.Build.0 = Release|x64
		{CBCB59EC-DCDF-4D64-8754-8122BCAC3A62}.Release|x86.ActiveCfg = Release|Win32
		{CBCB59EC-DCDF-4D64-8754-8122BCAC3A62}.Release|x86.Build.0 = Release|Win32
		{CBCB59EC-DCDF-4D64-8754-8122BCAC3A62}.ReleaseTest|ARM.ActiveCfg = ReleaseTest|ARM
		{CBCB59EC-DCDF-4D64-8754-8122BCAC3A62}.ReleaseTest|ARM.Build.0 = ReleaseTest|ARM
		{CBCB59EC-DCDF-4D64-8754-8122BCAC3A62}.ReleaseTest|ARM64.ActiveCfg = ReleaseTest|ARM64
		{CBCB59EC-DCDF-4D64-8754-8122BCAC3A62}.ReleaseTest|ARM64.Build.0 = ReleaseTest|ARM64
		{CBCB59EC-DCDF-4D64-8754-8122BCAC3A62}.ReleaseTest|x64.ActiveCfg = ReleaseTest|Win32
		{CBCB59EC-DCDF-4D64-8754-8122BCAC3A62}.ReleaseTest|x86.ActiveCfg = ReleaseTest|Win32
		{CBCB59EC-DCDF-4D64-8754-8122BCAC3A62}.ReleaseTest|x86.Build.0 = ReleaseTest|Win32
		{CBCB59EC-DCDF-4D64-8754-8122BCAC3A62}.Test|ARM.ActiveCfg = Test|ARM
		{CBCB59EC-DCDF-4D64-8754-8122BCAC3A62}.Test|ARM.Build.0 = Test|ARM
		{CBCB59EC-DCDF-4D64-8754-8122BCAC3A62}.Test|ARM64.ActiveCfg = Test|ARM64
		{CBCB59EC-DCDF-4D64-8754-8122BCAC3A62}.Test|ARM64.Build.0 = Test|ARM64
		{CBCB59EC-DCDF-4D64-8754-8122BCAC3A62}.Test|x64.ActiveCfg = Test|Win32
		{CBCB59EC-DCDF-4D64-8754-8122BCAC3A62}.Test|x86.ActiveCfg = Test|Win32
		{CBCB59EC-DCDF-4D64-8754-8122BCAC3A62}.Test|x86.Build.0 = Test|Win32
	EndGlobalSection
	GlobalSection(SolutionProperties) = preSolution
		HideSolutionNode = FALSE
	EndGlobalSection
EndGlobal
